
Microsoft Visual Studio Solution File, Format Version 12.00
# Visual Studio Version 16
VisualStudioVersion = 16.0.32002.261
MinimumVisualStudioVersion = 10.0.40219.1
Project("{FAE04EC0-301F-11D3-BF4B-00C04F79EFBC}") = "programers choice", "programers choice.csproj", "{4CA4AD84-0C65-4290-9401-83FE7AAC7818}"
EndProject
Global
	GlobalSection(SolutionConfigurationPlatforms) = preSolution
		Debug|Any CPU = Debug|Any CPU
		Release|Any CPU = Release|Any CPU
	EndGlobalSection
	GlobalSection(ProjectConfigurationPlatforms) = postSolution
		{4CA4AD84-0C65-4290-9401-83FE7AAC7818}.Debug|Any CPU.ActiveCfg = Debug|Any CPU
		{4CA4AD84-0C65-4290-9401-83FE7AAC7818}.Debug|Any CPU.Build.0 = Debug|Any CPU
		{4CA4AD84-0C65-4290-9401-83FE7AAC7818}.Release|Any CPU.ActiveCfg = Release|Any CPU
		{4CA4AD84-0C65-4290-9401-83FE7AAC7818}.Release|Any CPU.Build.0 = Release|Any CPU
	EndGlobalSection
	GlobalSection(SolutionProperties) = preSolution
		HideSolutionNode = FALSE
	EndGlobalSection
	GlobalSection(ExtensibilityGlobals) = postSolution
		SolutionGuid = {70F62581-0B29-4C0B-AD54-B293011DE154}
	EndGlobalSection
EndGlobal
